
Microsoft Visual Studio Solution File, Format Version 12.00
# Visual Studio Version 16
VisualStudioVersion = 16.0.31702.278
MinimumVisualStudioVersion = 10.0.40219.1
Project("{9A19103F-16F7-4668-BE54-9A1E7A4F7556}") = "01LeeCoode", "01LeeCoode.csproj", "{7C847C11-FDBC-4DAD-97FC-72D255D5F319}"
EndProject
Project("{9A19103F-16F7-4668-BE54-9A1E7A4F7556}") = "02最长回文子串", "..\最长回文子串\02最长回文子串.csproj", "{739B02B1-0DA2-439A-B192-12656D3F9CC4}"
EndProject
Project("{9A19103F-16F7-4668-BE54-9A1E7A4F7556}") = "03寻找两个有序数组的中位数", "..\寻找两个有序数组的中位数\03寻找两个有序数组的中位数.csproj", "{12218027-AD55-4376-A6BC-070FCC712A4A}"
EndProject
Project("{9A19103F-16F7-4668-BE54-9A1E7A4F7556}") = "04二叉树的中序遍历", "..\二叉树的中序遍历\04二叉树的中序遍历.csproj", "{E188389A-C8EB-4515-B0C9-818B3ED67AC6}"
EndProject
Project("{9A19103F-16F7-4668-BE54-9A1E7A4F7556}") = "05二叉树的前序遍历", "..\二叉树的前序遍历\05二叉树的前序遍历.csproj", "{0C95DE56-BCD9-4F8A-BFA0-AEF47746CE08}"
EndProject
Project("{9A19103F-16F7-4668-BE54-9A1E7A4F7556}") = "06二叉树的后序遍历", "..\二叉树的后序遍历\06二叉树的后序遍历.csproj", "{388D0036-70BC-4954-99B7-8554317914B5}"
EndProject
Project("{9A19103F-16F7-4668-BE54-9A1E7A4F7556}") = "07Z字形变换", "..\Z字形变换\07Z字形变换.csproj", "{6B43C952-6760-4AA9-B69A-0AFC39338240}"
EndProject
Project("{9A19103F-16F7-4668-BE54-9A1E7A4F7556}") = "08搜索插入位置", "..\08搜索插入位置\08搜索插入位置.csproj", "{FFF106DB-5CB4-4791-8476-9ED03AAED40C}"
EndProject
Project("{9A19103F-16F7-4668-BE54-9A1E7A4F7556}") = "09二分查找", "..\09二分查找\09二分查找.csproj", "{E4972F65-F21C-4952-957B-F5C3FAEFA2A6}"
EndProject
Project("{9A19103F-16F7-4668-BE54-9A1E7A4F7556}") = "10猜数字大小", "..\10猜数字大小\10猜数字大小.csproj", "{0AA202E8-1BBB-446C-A393-A7CFBD789BA3}"
EndProject
Project("{FAE04EC0-301F-11D3-BF4B-00C04F79EFBC}") = "11搜索插入位置", "..\11搜索插入位置\11搜索插入位置.csproj", "{3D4C371D-1E4C-41EC-9432-3FE9AA3E6161}"
EndProject
Global
	GlobalSection(SolutionConfigurationPlatforms) = preSolution
		Debug|Any CPU = Debug|Any CPU
		Release|Any CPU = Release|Any CPU
	EndGlobalSection
	GlobalSection(ProjectConfigurationPlatforms) = postSolution
		{7C847C11-FDBC-4DAD-97FC-72D255D5F319}.Debug|Any CPU.ActiveCfg = Debug|Any CPU
		{7C847C11-FDBC-4DAD-97FC-72D255D5F319}.Debug|Any CPU.Build.0 = Debug|Any CPU
		{7C847C11-FDBC-4DAD-97FC-72D255D5F319}.Release|Any CPU.ActiveCfg = Release|Any CPU
		{7C847C11-FDBC-4DAD-97FC-72D255D5F319}.Release|Any CPU.Build.0 = Release|Any CPU
		{739B02B1-0DA2-439A-B192-12656D3F9CC4}.Debug|Any CPU.ActiveCfg = Debug|Any CPU
		{739B02B1-0DA2-439A-B192-12656D3F9CC4}.Debug|Any CPU.Build.0 = Debug|Any CPU
		{739B02B1-0DA2-439A-B192-12656D3F9CC4}.Release|Any CPU.ActiveCfg = Release|Any CPU
		{739B02B1-0DA2-439A-B192-12656D3F9CC4}.Release|Any CPU.Build.0 = Release|Any CPU
		{12218027-AD55-4376-A6BC-070FCC712A4A}.Debug|Any CPU.ActiveCfg = Debug|Any CPU
		{12218027-AD55-4376-A6BC-070FCC712A4A}.Debug|Any CPU.Build.0 = Debug|Any CPU
		{12218027-AD55-4376-A6BC-070FCC712A4A}.Release|Any CPU.ActiveCfg = Release|Any CPU
		{12218027-AD55-4376-A6BC-070FCC712A4A}.Release|Any CPU.Build.0 = Release|Any CPU
		{E188389A-C8EB-4515-B0C9-818B3ED67AC6}.Debug|Any CPU.ActiveCfg = Debug|Any CPU
		{E188389A-C8EB-4515-B0C9-818B3ED67AC6}.Debug|Any CPU.Build.0 = Debug|Any CPU
		{E188389A-C8EB-4515-B0C9-818B3ED67AC6}.Release|Any CPU.ActiveCfg = Release|Any CPU
		{E188389A-C8EB-4515-B0C9-818B3ED67AC6}.Release|Any CPU.Build.0 = Release|Any CPU
		{0C95DE56-BCD9-4F8A-BFA0-AEF47746CE08}.Debug|Any CPU.ActiveCfg = Debug|Any CPU
		{0C95DE56-BCD9-4F8A-BFA0-AEF47746CE08}.Debug|Any CPU.Build.0 = Debug|Any CPU
		{0C95DE56-BCD9-4F8A-BFA0-AEF47746CE08}.Release|Any CPU.ActiveCfg = Release|Any CPU
		{0C95DE56-BCD9-4F8A-BFA0-AEF47746CE08}.Release|Any CPU.Build.0 = Release|Any CPU
		{388D0036-70BC-4954-99B7-8554317914B5}.Debug|Any CPU.ActiveCfg = Debug|Any CPU
		{388D0036-70BC-4954-99B7-8554317914B5}.Debug|Any CPU.Build.0 = Debug|Any CPU
		{388D0036-70BC-4954-99B7-8554317914B5}.Release|Any CPU.ActiveCfg = Release|Any CPU
		{388D0036-70BC-4954-99B7-8554317914B5}.Release|Any CPU.Build.0 = Release|Any CPU
		{6B43C952-6760-4AA9-B69A-0AFC39338240}.Debug|Any CPU.ActiveCfg = Debug|Any CPU
		{6B43C952-6760-4AA9-B69A-0AFC39338240}.Debug|Any CPU.Build.0 = Debug|Any CPU
		{6B43C952-6760-4AA9-B69A-0AFC39338240}.Release|Any CPU.ActiveCfg = Release|Any CPU
		{6B43C952-6760-4AA9-B69A-0AFC39338240}.Release|Any CPU.Build.0 = Release|Any CPU
		{FFF106DB-5CB4-4791-8476-9ED03AAED40C}.Debug|Any CPU.ActiveCfg = Debug|Any CPU
		{FFF106DB-5CB4-4791-8476-9ED03AAED40C}.Debug|Any CPU.Build.0 = Debug|Any CPU
		{FFF106DB-5CB4-4791-8476-9ED03AAED40C}.Release|Any CPU.ActiveCfg = Release|Any CPU
		{FFF106DB-5CB4-4791-8476-9ED03AAED40C}.Release|Any CPU.Build.0 = Release|Any CPU
		{E4972F65-F21C-4952-957B-F5C3FAEFA2A6}.Debug|Any CPU.ActiveCfg = Debug|Any CPU
		{E4972F65-F21C-4952-957B-F5C3FAEFA2A6}.Debug|Any CPU.Build.0 = Debug|Any CPU
		{E4972F65-F21C-4952-957B-F5C3FAEFA2A6}.Release|Any CPU.ActiveCfg = Release|Any CPU
		{E4972F65-F21C-4952-957B-F5C3FAEFA2A6}.Release|Any CPU.Build.0 = Release|Any CPU
		{0AA202E8-1BBB-446C-A393-A7CFBD789BA3}.Debug|Any CPU.ActiveCfg = Debug|Any CPU
		{0AA202E8-1BBB-446C-A393-A7CFBD789BA3}.Debug|Any CPU.Build.0 = Debug|Any CPU
		{0AA202E8-1BBB-446C-A393-A7CFBD789BA3}.Release|Any CPU.ActiveCfg = Release|Any CPU
		{0AA202E8-1BBB-446C-A393-A7CFBD789BA3}.Release|Any CPU.Build.0 = Release|Any CPU
		{3D4C371D-1E4C-41EC-9432-3FE9AA3E6161}.Debug|Any CPU.ActiveCfg = Debug|Any CPU
		{3D4C371D-1E4C-41EC-9432-3FE9AA3E6161}.Debug|Any CPU.Build.0 = Debug|Any CPU
		{3D4C371D-1E4C-41EC-9432-3FE9AA3E6161}.Release|Any CPU.ActiveCfg = Release|Any CPU
		{3D4C371D-1E4C-41EC-9432-3FE9AA3E6161}.Release|Any CPU.Build.0 = Release|Any CPU
	EndGlobalSection
	GlobalSection(SolutionProperties) = preSolution
		HideSolutionNode = FALSE
	EndGlobalSection
	GlobalSection(ExtensibilityGlobals) = postSolution
		SolutionGuid = {55046511-D61C-4DC1-A2D9-33192B5A19E1}
	EndGlobalSection
EndGlobal
